// !$*UTF8*$!
{
	archiveVersion = 1;
	classes = {
	};
	objectVersion = 50;
	objects = {

/* Begin PBXBuildFile section */
		3BFB4856212E09ED0081C21E /* AppDelegate.swift in Sources */ = {isa = PBXBuildFile; fileRef = 3BFB4855212E09ED0081C21E /* AppDelegate.swift */; };
		3BFB485B212E09ED0081C21E /* Main.storyboard in Resources */ = {isa = PBXBuildFile; fileRef = 3BFB4859212E09ED0081C21E /* Main.storyboard */; };
		3BFB485E212E09ED0081C21E /* PhotoBase.xcdatamodeld in Sources */ = {isa = PBXBuildFile; fileRef = 3BFB485C212E09ED0081C21E /* PhotoBase.xcdatamodeld */; };
		3BFB4860212E09EE0081C21E /* Assets.xcassets in Resources */ = {isa = PBXBuildFile; fileRef = 3BFB485F212E09EE0081C21E /* Assets.xcassets */; };
		3BFB4863212E09EE0081C21E /* LaunchScreen.storyboard in Resources */ = {isa = PBXBuildFile; fileRef = 3BFB4861212E09EE0081C21E /* LaunchScreen.storyboard */; };
		3BFB4870212E20680081C21E /* PBTableViewCell.swift in Sources */ = {isa = PBXBuildFile; fileRef = 3BFB486F212E20680081C21E /* PBTableViewCell.swift */; };
		3BFB4872212E20860081C21E /* PBTableViewController.swift in Sources */ = {isa = PBXBuildFile; fileRef = 3BFB4871212E20860081C21E /* PBTableViewController.swift */; };
/* End PBXBuildFile section */

/* Begin PBXFileReference section */
		3BFB4852212E09ED0081C21E /* PhotoBase.app */ = {isa = PBXFileReference; explicitFileType = wrapper.application; includeInIndex = 0; path = PhotoBase.app; sourceTree = BUILT_PRODUCTS_DIR; };
		3BFB4855212E09ED0081C21E /* AppDelegate.swift */ = {isa = PBXFileReference; lastKnownFileType = sourcecode.swift; path = AppDelegate.swift; sourceTree = "<group>"; };
		3BFB485A212E09ED0081C21E /* Base */ = {isa = PBXFileReference; lastKnownFileType = file.storyboard; name = Base; path = Base.lproj/Main.storyboard; sourceTree = "<group>"; };
		3BFB485D212E09ED0081C21E /* PhotoBase.xcdatamodel */ = {isa = PBXFileReference; lastKnownFileType = wrapper.xcdatamodel; path = PhotoBase.xcdatamodel; sourceTree = "<group>"; };
		3BFB485F212E09EE0081C21E /* Assets.xcassets */ = {isa = PBXFileReference; lastKnownFileType = folder.assetcatalog; path = Assets.xcassets; sourceTree = "<group>"; };
		3BFB4862212E09EE0081C21E /* Base */ = {isa = PBXFileReference; lastKnownFileType = file.storyboard; name = Base; path = Base.lproj/LaunchScreen.storyboard; sourceTree = "<group>"; };
		3BFB4864212E09EE0081C21E /* Info.plist */ = {isa = PBXFileReference; lastKnownFileType = text.plist.xml; path = Info.plist; sourceTree = "<group>"; };
		3BFB486F212E20680081C21E /* PBTableViewCell.swift */ = {isa = PBXFileReference; lastKnownFileType = sourcecode.swift; path = PBTableViewCell.swift; sourceTree = "<group>"; };
		3BFB4871212E20860081C21E /* PBTableViewController.swift */ = {isa = PBXFileReference; lastKnownFileType = sourcecode.swift; path = PBTableViewController.swift; sourceTree = "<group>"; };
/* End PBXFileReference section */

/* Begin PBXFrameworksBuildPhase section */
		3BFB484F212E09ED0081C21E /* Frameworks */ = {
			isa = PBXFrameworksBuildPhase;
			buildActionMask = 2147483647;
			files = (
			);
			runOnlyForDeploymentPostprocessing = 0;
		};
/* End PBXFrameworksBuildPhase section */

/* Begin PBXGroup section */
		3BFB4849212E09ED0081C21E = {
			isa = PBXGroup;
			children = (
				3BFB4854212E09ED0081C21E /* PhotoBase */,
				3BFB4853212E09ED0081C21E /* Products */,
			);
			sourceTree = "<group>";
		};
		3BFB4853212E09ED0081C21E /* Products */ = {
			isa = PBXGroup;
			children = (
				3BFB4852212E09ED0081C21E /* PhotoBase.app */,
			);
			name = Products;
			sourceTree = "<group>";
		};
		3BFB4854212E09ED0081C21E /* PhotoBase */ = {
			isa = PBXGroup;
			children = (
				3BFB4855212E09ED0081C21E /* AppDelegate.swift */,
				3BFB486F212E20680081C21E /* PBTableViewCell.swift */,
				3BFB4871212E20860081C21E /* PBTableViewController.swift */,
				3BFB4859212E09ED0081C21E /* Main.storyboard */,
				3BFB485F212E09EE0081C21E /* Assets.xcassets */,
				3BFB4861212E09EE0081C21E /* LaunchScreen.storyboard */,
				3BFB4864212E09EE0081C21E /* Info.plist */,
				3BFB485C212E09ED0081C21E /* PhotoBase.xcdatamodeld */,
			);
			path = PhotoBase;
			sourceTree = "<group>";
		};
/* End PBXGroup section */

/* Begin PBXNativeTarget section */
		3BFB4851212E09ED0081C21E /* PhotoBase */ = {
			isa = PBXNativeTarget;
			buildConfigurationList = 3BFB4867212E09EE0081C21E /* Build configuration list for PBXNativeTarget "PhotoBase" */;
			buildPhases = (
				3BFB484E212E09ED0081C21E /* Sources */,
				3BFB484F212E09ED0081C21E /* Frameworks */,
				3BFB4850212E09ED0081C21E /* Resources */,
			);
			buildRules = (
			);
			dependencies = (
			);
			name = PhotoBase;
			productName = PhotoBase;
			productReference = 3BFB4852212E09ED0081C21E /* PhotoBase.app */;
			productType = "com.apple.product-type.application";
		};
/* End PBXNativeTarget section */

/* Begin PBXProject section */
		3BFB484A212E09ED0081C21E /* Project object */ = {
			isa = PBXProject;
			attributes = {
				LastSwiftUpdateCheck = 0940;
				LastUpgradeCheck = 0940;
				ORGANIZATIONNAME = Laursen.org;
				TargetAttributes = {
					3BFB4851212E09ED0081C21E = {
						CreatedOnToolsVersion = 9.4.1;
					};
				};
			};
			buildConfigurationList = 3BFB484D212E09ED0081C21E /* Build configuration list for PBXProject "PhotoBase" */;
			compatibilityVersion = "Xcode 9.3";
			developmentRegion = en;
			hasScannedForEncodings = 0;
			knownRegions = (
				en,
				Base,
			);
			mainGroup = 3BFB4849212E09ED0081C21E;
			productRefGroup = 3BFB4853212E09ED0081C21E /* Products */;
			projectDirPath = "";
			projectRoot = "";
			targets = (
				3BFB4851212E09ED0081C21E /* PhotoBase */,
			);
		};
/* End PBXProject section */

/* Begin PBXResourcesBuildPhase section */
		3BFB4850212E09ED0081C21E /* Resources */ = {
			isa = PBXResourcesBuildPhase;
			buildActionMask = 2147483647;
			files = (
				3BFB4863212E09EE0081C21E /* LaunchScreen.storyboard in Resources */,
				3BFB4860212E09EE0081C21E /* Assets.xcassets in Resources */,
				3BFB485B212E09ED0081C21E /* Main.storyboard in Resources */,
			);
			runOnlyForDeploymentPostprocessing = 0;
		};
/* End PBXResourcesBuildPhase section */

/* Begin PBXSourcesBuildPhase section */
		3BFB484E212E09ED0081C21E /* Sources */ = {
			isa = PBXSourcesBuildPhase;
			buildActionMask = 2147483647;
			files = (
				3BFB485E212E09ED0081C21E /* PhotoBase.xcdatamodeld in Sources */,
				3BFB4856212E09ED0081C21E /* AppDelegate.swift in Sources */,
				3BFB4870212E20680081C21E /* PBTableViewCell.swift in Sources */,
				3BFB4872212E20860081C21E /* PBTableViewController.swift in Sources */,
			);
			runOnlyForDeploymentPostprocessing = 0;
		};
/* End PBXSourcesBuildPhase section */

/* Begin PBXVariantGroup section */
		3BFB4859212E09ED0081C21E /* Main.storyboard */ = {
			isa = PBXVariantGroup;
			children = (
				3BFB485A212E09ED0081C21E /* Base */,
			);
			name = Main.storyboard;
			sourceTree = "<group>";
		};
		3BFB4861212E09EE0081C21E /* LaunchScreen.storyboard */ = {
			isa = PBXVariantGroup;
			children = (
				3BFB4862212E09EE0081C21E /* Base */,
			);
			name = LaunchScreen.storyboard;
			sourceTree = "<group>";
		};
/* End PBXVariantGroup section */

/* Begin XCBuildConfiguration section */
		3BFB4865212E09EE0081C21E /* Debug */ = {
			isa = XCBuildConfiguration;
			buildSettings = {
				ALWAYS_SEARCH_USER_PATHS = NO;
				CLANG_ANALYZER_NONNULL = YES;
				CLANG_ANALYZER_NUMBER_OBJECT_CONVERSION = YES_AGGRESSIVE;
				CLANG_CXX_LANGUAGE_STANDARD = "gnu++14";
				CLANG_CXX_LIBRARY = "libc++";
				CLANG_ENABLE_MODULES = YES;
				CLANG_ENABLE_OBJC_ARC = YES;
				CLANG_ENABLE_OBJC_WEAK = YES;
				CLANG_WARN_BLOCK_CAPTURE_AUTORELEASING = YES;
				CLANG_WARN_BOOL_CONVERSION = YES;
				CLANG_WARN_COMMA = YES;
				CLANG_WARN_CONSTANT_CONVERSION = YES;
				CLANG_WARN_DEPRECATED_OBJC_IMPLEMENTATIONS = YES;
				CLANG_WARN_DIRECT_OBJC_ISA_USAGE = YES_ERROR;
				CLANG_WARN_DOCUMENTATION_COMMENTS = YES;
				CLANG_WARN_EMPTY_BODY = YES;
				CLANG_WARN_ENUM_CONVERSION = YES;
				CLANG_WARN_INFINITE_RECURSION = YES;
				CLANG_WARN_INT_CONVERSION = YES;
				CLANG_WARN_NON_LITERAL_NULL_CONVERSION = YES;
				CLANG_WARN_OBJC_IMPLICIT_RETAIN_SELF = YES;
				CLANG_WARN_OBJC_LITERAL_CONVERSION = YES;
				CLANG_WARN_OBJC_ROOT_CLASS = YES_ERROR;
				CLANG_WARN_RANGE_LOOP_ANALYSIS = YES;
				CLANG_WARN_STRICT_PROTOTYPES = YES;
				CLANG_WARN_SUSPICIOUS_MOVE = YES;
				CLANG_WARN_UNGUARDED_AVAILABILITY = YES_AGGRESSIVE;
				CLANG_WARN_UNREACHABLE_CODE = YES;
				CLANG_WARN__DUPLICATE_METHOD_MATCH = YES;
				CODE_SIGN_IDENTITY = "iPhone Developer";
				COPY_PHASE_STRIP = NO;
				DEBUG_INFORMATION_FORMAT = dwarf;
				ENABLE_STRICT_OBJC_MSGSEND = YES;
				ENABLE_TESTABILITY = YES;
				GCC_C_LANGUAGE_STANDARD = gnu11;
				GCC_DYNAMIC_NO_PIC = NO;
				GCC_NO_COMMON_BLOCKS = YES;
				GCC_OPTIMIZATION_LEVEL = 0;
				GCC_PREPROCESSOR_DEFINITIONS = (
					"DEBUG=1",
					"$(inherited)",
				);
				GCC_WARN_64_TO_32_BIT_CONVERSION = YES;
				GCC_WARN_ABOUT_RETURN_TYPE = YES_ERROR;
				GCC_WARN_UNDECLARED_SELECTOR = YES;
				GCC_WARN_UNINITIALIZED_AUTOS = YES_AGGRESSIVE;
				GCC_WARN_UNUSED_FUNCTION = YES;
				GCC_WARN_UNUSED_VARIABLE = YES;
				IPHONEOS_DEPLOYMENT_TARGET = 11.4;
				MTL_ENABLE_DEBUG_INFO = YES;
				ONLY_ACTIVE_ARCH = YES;
				SDKROOT = iphoneos;
				SWIFT_ACTIVE_COMPILATION_CONDITIONS = DEBUG;
				SWIFT_OPTIMIZATION_LEVEL = "-Onone";
			};
			name = Debug;
		};
		3BFB4866212E09EE0081C21E /* Release */ = {
			isa = XCBuildConfiguration;
			buildSettings = {
				ALWAYS_SEARCH_USER_PATHS = NO;
				CLANG_ANALYZER_NONNULL = YES;
				CLANG_ANALYZER_NUMBER_OBJECT_CONVERSION = YES_AGGRESSIVE;
				CLANG_CXX_LANGUAGE_STANDARD = "gnu++14";
				CLANG_CXX_LIBRARY = "libc++";
				CLANG_ENABLE_MODULES = YES;
				CLANG_ENABLE_OBJC_ARC = YES;
				CLANG_ENABLE_OBJC_WEAK = YES;
				CLANG_WARN_BLOCK_CAPTURE_AUTORELEASING = YES;
				CLANG_WARN_BOOL_CONVERSION = YES;
				CLANG_WARN_COMMA = YES;
				CLANG_WARN_CONSTANT_CONVERSION = YES;
				CLANG_WARN_DEPRECATED_OBJC_IMPLEMENTATIONS = YES;
				CLANG_WARN_DIRECT_OBJC_ISA_USAGE = YES_ERROR;
				CLANG_WARN_DOCUMENTATION_COMMENTS = YES;
				CLANG_WARN_EMPTY_BODY = YES;
				CLANG_WARN_ENUM_CONVERSION = YES;
				CLANG_WARN_INFINITE_RECURSION = YES;
				CLANG_WARN_INT_CONVERSION = YES;
				CLANG_WARN_NON_LITERAL_NULL_CONVERSION = YES;
				CLANG_WARN_OBJC_IMPLICIT_RETAIN_SELF = YES;
				CLANG_WARN_OBJC_LITERAL_CONVERSION = YES;
				CLANG_WARN_OBJC_ROOT_CLASS = YES_ERROR;
				CLANG_WARN_RANGE_LOOP_ANALYSIS = YES;
				CLANG_WARN_STRICT_PROTOTYPES = YES;
				CLANG_WARN_SUSPICIOUS_MOVE = YES;
				CLANG_WARN_UNGUARDED_AVAILABILITY = YES_AGGRESSIVE;
				CLANG_WARN_UNREACHABLE_CODE = YES;
				CLANG_WARN__DUPLICATE_METHOD_MATCH = YES;
				CODE_SIGN_IDENTITY = "iPhone Developer";
				COPY_PHASE_STRIP = NO;
				DEBUG_INFORMATION_FORMAT = "dwarf-with-dsym";
				ENABLE_NS_ASSERTIONS = NO;
				ENABLE_STRICT_OBJC_MSGSEND = YES;
				GCC_C_LANGUAGE_STANDARD = gnu11;
				GCC_NO_COMMON_BLOCKS = YES;
				GCC_WARN_64_TO_32_BIT_CONVERSION = YES;
				GCC_WARN_ABOUT_RETURN_TYPE = YES_ERROR;
				GCC_WARN_UNDECLARED_SELECTOR = YES;
				GCC_WARN_UNINITIALIZED_AUTOS = YES_AGGRESSIVE;
				GCC_WARN_UNUSED_FUNCTION = YES;
				GCC_WARN_UNUSED_VARIABLE = YES;
				IPHONEOS_DEPLOYMENT_TARGET = 11.4;
				MTL_ENABLE_DEBUG_INFO = NO;
				SDKROOT = iphoneos;
				SWIFT_COMPILATION_MODE = wholemodule;
				SWIFT_OPTIMIZATION_LEVEL = "-O";
				VALIDATE_PRODUCT = YES;
			};
			name = Release;
		};
		3BFB4868212E09EE0081C21E /* Debug */ = {
			isa = XCBuildConfiguration;
			buildSettings = {
				ASSETCATALOG_COMPILER_APPICON_NAME = AppIcon;
				CODE_SIGN_STYLE = Automatic;
				DEVELOPMENT_TEAM = NM9E6W7574;
				INFOPLIST_FILE = PhotoBase/Info.plist;
				LD_RUNPATH_SEARCH_PATHS = (
					"$(inherited)",
					"@executable_path/Frameworks",
				);
				PRODUCT_BUNDLE_IDENTIFIER = org.laursen.PhotoBase;
				PRODUCT_NAME = "$(TARGET_NAME)";
				SWIFT_VERSION = 4.0;
				TARGETED_DEVICE_FAMILY = "1,2";
			};
			name = Debug;
		};
		3BFB4869212E09EE0081C21E /* Release */ = {
			isa = XCBuildConfiguration;
			buildSettings = {
				ASSETCATALOG_COMPILER_APPICON_NAME = AppIcon;
				CODE_SIGN_STYLE = Automatic;
				DEVELOPMENT_TEAM = NM9E6W7574;
				INFOPLIST_FILE = PhotoBase/Info.plist;
				LD_RUNPATH_SEARCH_PATHS = (
					"$(inherited)",
					"@executable_path/Frameworks",
				);
				PRODUCT_BUNDLE_IDENTIFIER = org.laursen.PhotoBase;
				PRODUCT_NAME = "$(TARGET_NAME)";
				SWIFT_VERSION = 4.0;
				TARGETED_DEVICE_FAMILY = "1,2";
			};
			name = Release;
		};
/* End XCBuildConfiguration section */

/* Begin XCConfigurationList section */
		3BFB484D212E09ED0081C21E /* Build configuration list for PBXProject "PhotoBase" */ = {
			isa = XCConfigurationList;
			buildConfigurations = (
				3BFB4865212E09EE0081C21E /* Debug */,
				3BFB4866212E09EE0081C21E /* Release */,
			);
			defaultConfigurationIsVisible = 0;
			defaultConfigurationName = Release;
		};
		3BFB4867212E09EE0081C21E /* Build configuration list for PBXNativeTarget "PhotoBase" */ = {
			isa = XCConfigurationList;
			buildConfigurations = (
				3BFB4868212E09EE0081C21E /* Debug */,
				3BFB4869212E09EE0081C21E /* Release */,
			);
			defaultConfigurationIsVisible = 0;
			defaultConfigurationName = Release;
		};
/* End XCConfigurationList section */

/* Begin XCVersionGroup section */
		3BFB485C212E09ED0081C21E /* PhotoBase.xcdatamodeld */ = {
			isa = XCVersionGroup;
			children = (
				3BFB485D212E09ED0081C21E /* PhotoBase.xcdatamodel */,
			);
			currentVersion = 3BFB485D212E09ED0081C21E /* PhotoBase.xcdatamodel */;
			path = PhotoBase.xcdatamodeld;
			sourceTree = "<group>";
			versionGroupType = wrapper.xcdatamodel;
		};
/* End XCVersionGroup section */
	};
	rootObject = 3BFB484A212E09ED0081C21E /* Project object */;
}
