// !$*UTF8*$!
{
	archiveVersion = 1;
	classes = {
	};
	objectVersion = 50;
	objects = {

/* Begin PBXBuildFile section */
		3BE64D4C21373AB2003B6E11 /* AppDelegate.swift in Sources */ = {isa = PBXBuildFile; fileRef = 3BE64D4B21373AB2003B6E11 /* AppDelegate.swift */; };
		3BE64D5121373AB2003B6E11 /* Main.storyboard in Resources */ = {isa = PBXBuildFile; fileRef = 3BE64D4F21373AB2003B6E11 /* Main.storyboard */; };
		3BE64D5421373AB2003B6E11 /* PhoneBook.xcdatamodeld in Sources */ = {isa = PBXBuildFile; fileRef = 3BE64D5221373AB2003B6E11 /* PhoneBook.xcdatamodeld */; };
		3BE64D5621373AB2003B6E11 /* Assets.xcassets in Resources */ = {isa = PBXBuildFile; fileRef = 3BE64D5521373AB2003B6E11 /* Assets.xcassets */; };
		3BE64D5921373AB2003B6E11 /* LaunchScreen.storyboard in Resources */ = {isa = PBXBuildFile; fileRef = 3BE64D5721373AB2003B6E11 /* LaunchScreen.storyboard */; };
		3BE64D6121373D70003B6E11 /* TableViewCell.swift in Sources */ = {isa = PBXBuildFile; fileRef = 3BE64D6021373D70003B6E11 /* TableViewCell.swift */; };
		3BE64D6321373D82003B6E11 /* TableViewController.swift in Sources */ = {isa = PBXBuildFile; fileRef = 3BE64D6221373D82003B6E11 /* TableViewController.swift */; };
		3BE64D6621373EA4003B6E11 /* CoreData.framework in Frameworks */ = {isa = PBXBuildFile; fileRef = 3BE64D6521373EA4003B6E11 /* CoreData.framework */; };
		3BE64D71213741D2003B6E11 /* Contact+CoreDataClass.swift in Sources */ = {isa = PBXBuildFile; fileRef = 3BE64D6F213741D2003B6E11 /* Contact+CoreDataClass.swift */; };
		3BE64D72213741D2003B6E11 /* Contact+CoreDataProperties.swift in Sources */ = {isa = PBXBuildFile; fileRef = 3BE64D70213741D2003B6E11 /* Contact+CoreDataProperties.swift */; };
/* End PBXBuildFile section */

/* Begin PBXFileReference section */
		3BE64D4821373AB1003B6E11 /* PhoneBook.app */ = {isa = PBXFileReference; explicitFileType = wrapper.application; includeInIndex = 0; path = PhoneBook.app; sourceTree = BUILT_PRODUCTS_DIR; };
		3BE64D4B21373AB2003B6E11 /* AppDelegate.swift */ = {isa = PBXFileReference; lastKnownFileType = sourcecode.swift; path = AppDelegate.swift; sourceTree = "<group>"; };
		3BE64D5021373AB2003B6E11 /* Base */ = {isa = PBXFileReference; lastKnownFileType = file.storyboard; name = Base; path = Base.lproj/Main.storyboard; sourceTree = "<group>"; };
		3BE64D5321373AB2003B6E11 /* PhoneBook.xcdatamodel */ = {isa = PBXFileReference; lastKnownFileType = wrapper.xcdatamodel; path = PhoneBook.xcdatamodel; sourceTree = "<group>"; };
		3BE64D5521373AB2003B6E11 /* Assets.xcassets */ = {isa = PBXFileReference; lastKnownFileType = folder.assetcatalog; path = Assets.xcassets; sourceTree = "<group>"; };
		3BE64D5821373AB2003B6E11 /* Base */ = {isa = PBXFileReference; lastKnownFileType = file.storyboard; name = Base; path = Base.lproj/LaunchScreen.storyboard; sourceTree = "<group>"; };
		3BE64D5A21373AB2003B6E11 /* Info.plist */ = {isa = PBXFileReference; lastKnownFileType = text.plist.xml; path = Info.plist; sourceTree = "<group>"; };
		3BE64D6021373D70003B6E11 /* TableViewCell.swift */ = {isa = PBXFileReference; lastKnownFileType = sourcecode.swift; path = TableViewCell.swift; sourceTree = "<group>"; };
		3BE64D6221373D82003B6E11 /* TableViewController.swift */ = {isa = PBXFileReference; lastKnownFileType = sourcecode.swift; path = TableViewController.swift; sourceTree = "<group>"; };
		3BE64D6521373EA4003B6E11 /* CoreData.framework */ = {isa = PBXFileReference; lastKnownFileType = wrapper.framework; name = CoreData.framework; path = System/Library/Frameworks/CoreData.framework; sourceTree = SDKROOT; };
		3BE64D6F213741D2003B6E11 /* Contact+CoreDataClass.swift */ = {isa = PBXFileReference; lastKnownFileType = sourcecode.swift; path = "Contact+CoreDataClass.swift"; sourceTree = "<group>"; };
		3BE64D70213741D2003B6E11 /* Contact+CoreDataProperties.swift */ = {isa = PBXFileReference; lastKnownFileType = sourcecode.swift; path = "Contact+CoreDataProperties.swift"; sourceTree = "<group>"; };
/* End PBXFileReference section */

/* Begin PBXFrameworksBuildPhase section */
		3BE64D4521373AB1003B6E11 /* Frameworks */ = {
			isa = PBXFrameworksBuildPhase;
			buildActionMask = 2147483647;
			files = (
				3BE64D6621373EA4003B6E11 /* CoreData.framework in Frameworks */,
			);
			runOnlyForDeploymentPostprocessing = 0;
		};
/* End PBXFrameworksBuildPhase section */

/* Begin PBXGroup section */
		3BE64D3F21373AB1003B6E11 = {
			isa = PBXGroup;
			children = (
				3BE64D4A21373AB1003B6E11 /* PhoneBook */,
				3BE64D4921373AB1003B6E11 /* Products */,
				3BE64D6421373EA4003B6E11 /* Frameworks */,
			);
			sourceTree = "<group>";
		};
		3BE64D4921373AB1003B6E11 /* Products */ = {
			isa = PBXGroup;
			children = (
				3BE64D4821373AB1003B6E11 /* PhoneBook.app */,
			);
			name = Products;
			sourceTree = "<group>";
		};
		3BE64D4A21373AB1003B6E11 /* PhoneBook */ = {
			isa = PBXGroup;
			children = (
				3BE64D4B21373AB2003B6E11 /* AppDelegate.swift */,
				3BE64D6221373D82003B6E11 /* TableViewController.swift */,
				3BE64D6021373D70003B6E11 /* TableViewCell.swift */,
				3BE64D4F21373AB2003B6E11 /* Main.storyboard */,
				3BE64D5521373AB2003B6E11 /* Assets.xcassets */,
				3BE64D5721373AB2003B6E11 /* LaunchScreen.storyboard */,
				3BE64D5A21373AB2003B6E11 /* Info.plist */,
				3BE64D5221373AB2003B6E11 /* PhoneBook.xcdatamodeld */,
				3BE64D6F213741D2003B6E11 /* Contact+CoreDataClass.swift */,
				3BE64D70213741D2003B6E11 /* Contact+CoreDataProperties.swift */,
			);
			path = PhoneBook;
			sourceTree = "<group>";
		};
		3BE64D6421373EA4003B6E11 /* Frameworks */ = {
			isa = PBXGroup;
			children = (
				3BE64D6521373EA4003B6E11 /* CoreData.framework */,
			);
			name = Frameworks;
			sourceTree = "<group>";
		};
/* End PBXGroup section */

/* Begin PBXNativeTarget section */
		3BE64D4721373AB1003B6E11 /* PhoneBook */ = {
			isa = PBXNativeTarget;
			buildConfigurationList = 3BE64D5D21373AB2003B6E11 /* Build configuration list for PBXNativeTarget "PhoneBook" */;
			buildPhases = (
				3BE64D4421373AB1003B6E11 /* Sources */,
				3BE64D4521373AB1003B6E11 /* Frameworks */,
				3BE64D4621373AB1003B6E11 /* Resources */,
			);
			buildRules = (
			);
			dependencies = (
			);
			name = PhoneBook;
			productName = PhoneBook;
			productReference = 3BE64D4821373AB1003B6E11 /* PhoneBook.app */;
			productType = "com.apple.product-type.application";
		};
/* End PBXNativeTarget section */

/* Begin PBXProject section */
		3BE64D4021373AB1003B6E11 /* Project object */ = {
			isa = PBXProject;
			attributes = {
				LastSwiftUpdateCheck = 0940;
				LastUpgradeCheck = 0940;
				ORGANIZATIONNAME = Appamajigger;
				TargetAttributes = {
					3BE64D4721373AB1003B6E11 = {
						CreatedOnToolsVersion = 9.4.1;
					};
				};
			};
			buildConfigurationList = 3BE64D4321373AB1003B6E11 /* Build configuration list for PBXProject "PhoneBook" */;
			compatibilityVersion = "Xcode 9.3";
			developmentRegion = en;
			hasScannedForEncodings = 0;
			knownRegions = (
				en,
				Base,
			);
			mainGroup = 3BE64D3F21373AB1003B6E11;
			productRefGroup = 3BE64D4921373AB1003B6E11 /* Products */;
			projectDirPath = "";
			projectRoot = "";
			targets = (
				3BE64D4721373AB1003B6E11 /* PhoneBook */,
			);
		};
/* End PBXProject section */

/* Begin PBXResourcesBuildPhase section */
		3BE64D4621373AB1003B6E11 /* Resources */ = {
			isa = PBXResourcesBuildPhase;
			buildActionMask = 2147483647;
			files = (
				3BE64D5921373AB2003B6E11 /* LaunchScreen.storyboard in Resources */,
				3BE64D5621373AB2003B6E11 /* Assets.xcassets in Resources */,
				3BE64D5121373AB2003B6E11 /* Main.storyboard in Resources */,
			);
			runOnlyForDeploymentPostprocessing = 0;
		};
/* End PBXResourcesBuildPhase section */

/* Begin PBXSourcesBuildPhase section */
		3BE64D4421373AB1003B6E11 /* Sources */ = {
			isa = PBXSourcesBuildPhase;
			buildActionMask = 2147483647;
			files = (
				3BE64D72213741D2003B6E11 /* Contact+CoreDataProperties.swift in Sources */,
				3BE64D6121373D70003B6E11 /* TableViewCell.swift in Sources */,
				3BE64D5421373AB2003B6E11 /* PhoneBook.xcdatamodeld in Sources */,
				3BE64D4C21373AB2003B6E11 /* AppDelegate.swift in Sources */,
				3BE64D6321373D82003B6E11 /* TableViewController.swift in Sources */,
				3BE64D71213741D2003B6E11 /* Contact+CoreDataClass.swift in Sources */,
			);
			runOnlyForDeploymentPostprocessing = 0;
		};
/* End PBXSourcesBuildPhase section */

/* Begin PBXVariantGroup section */
		3BE64D4F21373AB2003B6E11 /* Main.storyboard */ = {
			isa = PBXVariantGroup;
			children = (
				3BE64D5021373AB2003B6E11 /* Base */,
			);
			name = Main.storyboard;
			sourceTree = "<group>";
		};
		3BE64D5721373AB2003B6E11 /* LaunchScreen.storyboard */ = {
			isa = PBXVariantGroup;
			children = (
				3BE64D5821373AB2003B6E11 /* Base */,
			);
			name = LaunchScreen.storyboard;
			sourceTree = "<group>";
		};
/* End PBXVariantGroup section */

/* Begin XCBuildConfiguration section */
		3BE64D5B21373AB2003B6E11 /* Debug */ = {
			isa = XCBuildConfiguration;
			buildSettings = {
				ALWAYS_SEARCH_USER_PATHS = NO;
				CLANG_ANALYZER_NONNULL = YES;
				CLANG_ANALYZER_NUMBER_OBJECT_CONVERSION = YES_AGGRESSIVE;
				CLANG_CXX_LANGUAGE_STANDARD = "gnu++14";
				CLANG_CXX_LIBRARY = "libc++";
				CLANG_ENABLE_MODULES = YES;
				CLANG_ENABLE_OBJC_ARC = YES;
				CLANG_ENABLE_OBJC_WEAK = YES;
				CLANG_WARN_BLOCK_CAPTURE_AUTORELEASING = YES;
				CLANG_WARN_BOOL_CONVERSION = YES;
				CLANG_WARN_COMMA = YES;
				CLANG_WARN_CONSTANT_CONVERSION = YES;
				CLANG_WARN_DEPRECATED_OBJC_IMPLEMENTATIONS = YES;
				CLANG_WARN_DIRECT_OBJC_ISA_USAGE = YES_ERROR;
				CLANG_WARN_DOCUMENTATION_COMMENTS = YES;
				CLANG_WARN_EMPTY_BODY = YES;
				CLANG_WARN_ENUM_CONVERSION = YES;
				CLANG_WARN_INFINITE_RECURSION = YES;
				CLANG_WARN_INT_CONVERSION = YES;
				CLANG_WARN_NON_LITERAL_NULL_CONVERSION = YES;
				CLANG_WARN_OBJC_IMPLICIT_RETAIN_SELF = YES;
				CLANG_WARN_OBJC_LITERAL_CONVERSION = YES;
				CLANG_WARN_OBJC_ROOT_CLASS = YES_ERROR;
				CLANG_WARN_RANGE_LOOP_ANALYSIS = YES;
				CLANG_WARN_STRICT_PROTOTYPES = YES;
				CLANG_WARN_SUSPICIOUS_MOVE = YES;
				CLANG_WARN_UNGUARDED_AVAILABILITY = YES_AGGRESSIVE;
				CLANG_WARN_UNREACHABLE_CODE = YES;
				CLANG_WARN__DUPLICATE_METHOD_MATCH = YES;
				CODE_SIGN_IDENTITY = "iPhone Developer";
				COPY_PHASE_STRIP = NO;
				DEBUG_INFORMATION_FORMAT = dwarf;
				ENABLE_STRICT_OBJC_MSGSEND = YES;
				ENABLE_TESTABILITY = YES;
				GCC_C_LANGUAGE_STANDARD = gnu11;
				GCC_DYNAMIC_NO_PIC = NO;
				GCC_NO_COMMON_BLOCKS = YES;
				GCC_OPTIMIZATION_LEVEL = 0;
				GCC_PREPROCESSOR_DEFINITIONS = (
					"DEBUG=1",
					"$(inherited)",
				);
				GCC_WARN_64_TO_32_BIT_CONVERSION = YES;
				GCC_WARN_ABOUT_RETURN_TYPE = YES_ERROR;
				GCC_WARN_UNDECLARED_SELECTOR = YES;
				GCC_WARN_UNINITIALIZED_AUTOS = YES_AGGRESSIVE;
				GCC_WARN_UNUSED_FUNCTION = YES;
				GCC_WARN_UNUSED_VARIABLE = YES;
				IPHONEOS_DEPLOYMENT_TARGET = 11.4;
				MTL_ENABLE_DEBUG_INFO = YES;
				ONLY_ACTIVE_ARCH = YES;
				SDKROOT = iphoneos;
				SWIFT_ACTIVE_COMPILATION_CONDITIONS = DEBUG;
				SWIFT_OPTIMIZATION_LEVEL = "-Onone";
			};
			name = Debug;
		};
		3BE64D5C21373AB2003B6E11 /* Release */ = {
			isa = XCBuildConfiguration;
			buildSettings = {
				ALWAYS_SEARCH_USER_PATHS = NO;
				CLANG_ANALYZER_NONNULL = YES;
				CLANG_ANALYZER_NUMBER_OBJECT_CONVERSION = YES_AGGRESSIVE;
				CLANG_CXX_LANGUAGE_STANDARD = "gnu++14";
				CLANG_CXX_LIBRARY = "libc++";
				CLANG_ENABLE_MODULES = YES;
				CLANG_ENABLE_OBJC_ARC = YES;
				CLANG_ENABLE_OBJC_WEAK = YES;
				CLANG_WARN_BLOCK_CAPTURE_AUTORELEASING = YES;
				CLANG_WARN_BOOL_CONVERSION = YES;
				CLANG_WARN_COMMA = YES;
				CLANG_WARN_CONSTANT_CONVERSION = YES;
				CLANG_WARN_DEPRECATED_OBJC_IMPLEMENTATIONS = YES;
				CLANG_WARN_DIRECT_OBJC_ISA_USAGE = YES_ERROR;
				CLANG_WARN_DOCUMENTATION_COMMENTS = YES;
				CLANG_WARN_EMPTY_BODY = YES;
				CLANG_WARN_ENUM_CONVERSION = YES;
				CLANG_WARN_INFINITE_RECURSION = YES;
				CLANG_WARN_INT_CONVERSION = YES;
				CLANG_WARN_NON_LITERAL_NULL_CONVERSION = YES;
				CLANG_WARN_OBJC_IMPLICIT_RETAIN_SELF = YES;
				CLANG_WARN_OBJC_LITERAL_CONVERSION = YES;
				CLANG_WARN_OBJC_ROOT_CLASS = YES_ERROR;
				CLANG_WARN_RANGE_LOOP_ANALYSIS = YES;
				CLANG_WARN_STRICT_PROTOTYPES = YES;
				CLANG_WARN_SUSPICIOUS_MOVE = YES;
				CLANG_WARN_UNGUARDED_AVAILABILITY = YES_AGGRESSIVE;
				CLANG_WARN_UNREACHABLE_CODE = YES;
				CLANG_WARN__DUPLICATE_METHOD_MATCH = YES;
				CODE_SIGN_IDENTITY = "iPhone Developer";
				COPY_PHASE_STRIP = NO;
				DEBUG_INFORMATION_FORMAT = "dwarf-with-dsym";
				ENABLE_NS_ASSERTIONS = NO;
				ENABLE_STRICT_OBJC_MSGSEND = YES;
				GCC_C_LANGUAGE_STANDARD = gnu11;
				GCC_NO_COMMON_BLOCKS = YES;
				GCC_WARN_64_TO_32_BIT_CONVERSION = YES;
				GCC_WARN_ABOUT_RETURN_TYPE = YES_ERROR;
				GCC_WARN_UNDECLARED_SELECTOR = YES;
				GCC_WARN_UNINITIALIZED_AUTOS = YES_AGGRESSIVE;
				GCC_WARN_UNUSED_FUNCTION = YES;
				GCC_WARN_UNUSED_VARIABLE = YES;
				IPHONEOS_DEPLOYMENT_TARGET = 11.4;
				MTL_ENABLE_DEBUG_INFO = NO;
				SDKROOT = iphoneos;
				SWIFT_COMPILATION_MODE = wholemodule;
				SWIFT_OPTIMIZATION_LEVEL = "-O";
				VALIDATE_PRODUCT = YES;
			};
			name = Release;
		};
		3BE64D5E21373AB2003B6E11 /* Debug */ = {
			isa = XCBuildConfiguration;
			buildSettings = {
				ASSETCATALOG_COMPILER_APPICON_NAME = AppIcon;
				CODE_SIGN_STYLE = Automatic;
				DEVELOPMENT_TEAM = NM9E6W7574;
				INFOPLIST_FILE = PhoneBook/Info.plist;
				LD_RUNPATH_SEARCH_PATHS = (
					"$(inherited)",
					"@executable_path/Frameworks",
				);
				PRODUCT_BUNDLE_IDENTIFIER = com.appamajigger.PhoneBook;
				PRODUCT_NAME = "$(TARGET_NAME)";
				SWIFT_VERSION = 4.0;
				TARGETED_DEVICE_FAMILY = 1;
			};
			name = Debug;
		};
		3BE64D5F21373AB2003B6E11 /* Release */ = {
			isa = XCBuildConfiguration;
			buildSettings = {
				ASSETCATALOG_COMPILER_APPICON_NAME = AppIcon;
				CODE_SIGN_STYLE = Automatic;
				DEVELOPMENT_TEAM = NM9E6W7574;
				INFOPLIST_FILE = PhoneBook/Info.plist;
				LD_RUNPATH_SEARCH_PATHS = (
					"$(inherited)",
					"@executable_path/Frameworks",
				);
				PRODUCT_BUNDLE_IDENTIFIER = com.appamajigger.PhoneBook;
				PRODUCT_NAME = "$(TARGET_NAME)";
				SWIFT_VERSION = 4.0;
				TARGETED_DEVICE_FAMILY = 1;
			};
			name = Release;
		};
/* End XCBuildConfiguration section */

/* Begin XCConfigurationList section */
		3BE64D4321373AB1003B6E11 /* Build configuration list for PBXProject "PhoneBook" */ = {
			isa = XCConfigurationList;
			buildConfigurations = (
				3BE64D5B21373AB2003B6E11 /* Debug */,
				3BE64D5C21373AB2003B6E11 /* Release */,
			);
			defaultConfigurationIsVisible = 0;
			defaultConfigurationName = Release;
		};
		3BE64D5D21373AB2003B6E11 /* Build configuration list for PBXNativeTarget "PhoneBook" */ = {
			isa = XCConfigurationList;
			buildConfigurations = (
				3BE64D5E21373AB2003B6E11 /* Debug */,
				3BE64D5F21373AB2003B6E11 /* Release */,
			);
			defaultConfigurationIsVisible = 0;
			defaultConfigurationName = Release;
		};
/* End XCConfigurationList section */

/* Begin XCVersionGroup section */
		3BE64D5221373AB2003B6E11 /* PhoneBook.xcdatamodeld */ = {
			isa = XCVersionGroup;
			children = (
				3BE64D5321373AB2003B6E11 /* PhoneBook.xcdatamodel */,
			);
			currentVersion = 3BE64D5321373AB2003B6E11 /* PhoneBook.xcdatamodel */;
			path = PhoneBook.xcdatamodeld;
			sourceTree = "<group>";
			versionGroupType = wrapper.xcdatamodel;
		};
/* End XCVersionGroup section */
	};
	rootObject = 3BE64D4021373AB1003B6E11 /* Project object */;
}
