// !$*UTF8*$!
{
	archiveVersion = 1;
	classes = {
	};
	objectVersion = 50;
	objects = {

/* Begin PBXBuildFile section */
		3BFD4E3320E05EA300B482BA /* AppDelegate.swift in Sources */ = {isa = PBXBuildFile; fileRef = 3BFD4E3220E05EA300B482BA /* AppDelegate.swift */; };
		3BFD4E3520E05EA300B482BA /* ViewController.swift in Sources */ = {isa = PBXBuildFile; fileRef = 3BFD4E3420E05EA300B482BA /* ViewController.swift */; };
		3BFD4E3820E05EA300B482BA /* Main.storyboard in Resources */ = {isa = PBXBuildFile; fileRef = 3BFD4E3620E05EA300B482BA /* Main.storyboard */; };
		3BFD4E3A20E05EA300B482BA /* Assets.xcassets in Resources */ = {isa = PBXBuildFile; fileRef = 3BFD4E3920E05EA300B482BA /* Assets.xcassets */; };
		3BFD4E3D20E05EA300B482BA /* LaunchScreen.storyboard in Resources */ = {isa = PBXBuildFile; fileRef = 3BFD4E3B20E05EA300B482BA /* LaunchScreen.storyboard */; };
		3BFD4E4A20E0A12900B482BA /* Pink Blue.ttf in Resources */ = {isa = PBXBuildFile; fileRef = 3BFD4E4720E09D6B00B482BA /* Pink Blue.ttf */; };
		3BFD4E4B20E0A12C00B482BA /* Romantic Beach.ttf in Resources */ = {isa = PBXBuildFile; fileRef = 3BFD4E4620E09D6000B482BA /* Romantic Beach.ttf */; };
/* End PBXBuildFile section */

/* Begin PBXFileReference section */
		3BFD4E2F20E05EA300B482BA /* Object Functions.app */ = {isa = PBXFileReference; explicitFileType = wrapper.application; includeInIndex = 0; path = "Object Functions.app"; sourceTree = BUILT_PRODUCTS_DIR; };
		3BFD4E3220E05EA300B482BA /* AppDelegate.swift */ = {isa = PBXFileReference; lastKnownFileType = sourcecode.swift; path = AppDelegate.swift; sourceTree = "<group>"; };
		3BFD4E3420E05EA300B482BA /* ViewController.swift */ = {isa = PBXFileReference; lastKnownFileType = sourcecode.swift; path = ViewController.swift; sourceTree = "<group>"; };
		3BFD4E3720E05EA300B482BA /* Base */ = {isa = PBXFileReference; lastKnownFileType = file.storyboard; name = Base; path = Base.lproj/Main.storyboard; sourceTree = "<group>"; };
		3BFD4E3920E05EA300B482BA /* Assets.xcassets */ = {isa = PBXFileReference; lastKnownFileType = folder.assetcatalog; path = Assets.xcassets; sourceTree = "<group>"; };
		3BFD4E3C20E05EA300B482BA /* Base */ = {isa = PBXFileReference; lastKnownFileType = file.storyboard; name = Base; path = Base.lproj/LaunchScreen.storyboard; sourceTree = "<group>"; };
		3BFD4E3E20E05EA300B482BA /* Info.plist */ = {isa = PBXFileReference; lastKnownFileType = text.plist.xml; path = Info.plist; sourceTree = "<group>"; };
		3BFD4E4620E09D6000B482BA /* Romantic Beach.ttf */ = {isa = PBXFileReference; lastKnownFileType = file; path = "Romantic Beach.ttf"; sourceTree = "<group>"; };
		3BFD4E4720E09D6B00B482BA /* Pink Blue.ttf */ = {isa = PBXFileReference; lastKnownFileType = file; path = "Pink Blue.ttf"; sourceTree = "<group>"; };
/* End PBXFileReference section */

/* Begin PBXFrameworksBuildPhase section */
		3BFD4E2C20E05EA300B482BA /* Frameworks */ = {
			isa = PBXFrameworksBuildPhase;
			buildActionMask = 2147483647;
			files = (
			);
			runOnlyForDeploymentPostprocessing = 0;
		};
/* End PBXFrameworksBuildPhase section */

/* Begin PBXGroup section */
		3BFD4E2620E05EA300B482BA = {
			isa = PBXGroup;
			children = (
				3BFD4E3120E05EA300B482BA /* Object Functions */,
				3BFD4E3020E05EA300B482BA /* Products */,
			);
			sourceTree = "<group>";
		};
		3BFD4E3020E05EA300B482BA /* Products */ = {
			isa = PBXGroup;
			children = (
				3BFD4E2F20E05EA300B482BA /* Object Functions.app */,
			);
			name = Products;
			sourceTree = "<group>";
		};
		3BFD4E3120E05EA300B482BA /* Object Functions */ = {
			isa = PBXGroup;
			children = (
				3BFD4E4820E09D8400B482BA /* Custom Fonts */,
				3BFD4E3220E05EA300B482BA /* AppDelegate.swift */,
				3BFD4E3420E05EA300B482BA /* ViewController.swift */,
				3BFD4E3620E05EA300B482BA /* Main.storyboard */,
				3BFD4E3920E05EA300B482BA /* Assets.xcassets */,
				3BFD4E3B20E05EA300B482BA /* LaunchScreen.storyboard */,
				3BFD4E3E20E05EA300B482BA /* Info.plist */,
			);
			path = "Object Functions";
			sourceTree = "<group>";
		};
		3BFD4E4820E09D8400B482BA /* Custom Fonts */ = {
			isa = PBXGroup;
			children = (
				3BFD4E4720E09D6B00B482BA /* Pink Blue.ttf */,
				3BFD4E4620E09D6000B482BA /* Romantic Beach.ttf */,
			);
			path = "Custom Fonts";
			sourceTree = "<group>";
		};
/* End PBXGroup section */

/* Begin PBXNativeTarget section */
		3BFD4E2E20E05EA300B482BA /* Object Functions */ = {
			isa = PBXNativeTarget;
			buildConfigurationList = 3BFD4E4120E05EA300B482BA /* Build configuration list for PBXNativeTarget "Object Functions" */;
			buildPhases = (
				3BFD4E2B20E05EA300B482BA /* Sources */,
				3BFD4E2C20E05EA300B482BA /* Frameworks */,
				3BFD4E2D20E05EA300B482BA /* Resources */,
			);
			buildRules = (
			);
			dependencies = (
			);
			name = "Object Functions";
			productName = "Object Functions";
			productReference = 3BFD4E2F20E05EA300B482BA /* Object Functions.app */;
			productType = "com.apple.product-type.application";
		};
/* End PBXNativeTarget section */

/* Begin PBXProject section */
		3BFD4E2720E05EA300B482BA /* Project object */ = {
			isa = PBXProject;
			attributes = {
				LastSwiftUpdateCheck = 0940;
				LastUpgradeCheck = 0940;
				ORGANIZATIONNAME = Laursen.org;
				TargetAttributes = {
					3BFD4E2E20E05EA300B482BA = {
						CreatedOnToolsVersion = 9.4.1;
					};
				};
			};
			buildConfigurationList = 3BFD4E2A20E05EA300B482BA /* Build configuration list for PBXProject "Object Functions" */;
			compatibilityVersion = "Xcode 9.3";
			developmentRegion = en;
			hasScannedForEncodings = 0;
			knownRegions = (
				en,
				Base,
			);
			mainGroup = 3BFD4E2620E05EA300B482BA;
			productRefGroup = 3BFD4E3020E05EA300B482BA /* Products */;
			projectDirPath = "";
			projectRoot = "";
			targets = (
				3BFD4E2E20E05EA300B482BA /* Object Functions */,
			);
		};
/* End PBXProject section */

/* Begin PBXResourcesBuildPhase section */
		3BFD4E2D20E05EA300B482BA /* Resources */ = {
			isa = PBXResourcesBuildPhase;
			buildActionMask = 2147483647;
			files = (
				3BFD4E3D20E05EA300B482BA /* LaunchScreen.storyboard in Resources */,
				3BFD4E3A20E05EA300B482BA /* Assets.xcassets in Resources */,
				3BFD4E4B20E0A12C00B482BA /* Romantic Beach.ttf in Resources */,
				3BFD4E4A20E0A12900B482BA /* Pink Blue.ttf in Resources */,
				3BFD4E3820E05EA300B482BA /* Main.storyboard in Resources */,
			);
			runOnlyForDeploymentPostprocessing = 0;
		};
/* End PBXResourcesBuildPhase section */

/* Begin PBXSourcesBuildPhase section */
		3BFD4E2B20E05EA300B482BA /* Sources */ = {
			isa = PBXSourcesBuildPhase;
			buildActionMask = 2147483647;
			files = (
				3BFD4E3520E05EA300B482BA /* ViewController.swift in Sources */,
				3BFD4E3320E05EA300B482BA /* AppDelegate.swift in Sources */,
			);
			runOnlyForDeploymentPostprocessing = 0;
		};
/* End PBXSourcesBuildPhase section */

/* Begin PBXVariantGroup section */
		3BFD4E3620E05EA300B482BA /* Main.storyboard */ = {
			isa = PBXVariantGroup;
			children = (
				3BFD4E3720E05EA300B482BA /* Base */,
			);
			name = Main.storyboard;
			sourceTree = "<group>";
		};
		3BFD4E3B20E05EA300B482BA /* LaunchScreen.storyboard */ = {
			isa = PBXVariantGroup;
			children = (
				3BFD4E3C20E05EA300B482BA /* Base */,
			);
			name = LaunchScreen.storyboard;
			sourceTree = "<group>";
		};
/* End PBXVariantGroup section */

/* Begin XCBuildConfiguration section */
		3BFD4E3F20E05EA300B482BA /* Debug */ = {
			isa = XCBuildConfiguration;
			buildSettings = {
				ALWAYS_SEARCH_USER_PATHS = NO;
				CLANG_ANALYZER_NONNULL = YES;
				CLANG_ANALYZER_NUMBER_OBJECT_CONVERSION = YES_AGGRESSIVE;
				CLANG_CXX_LANGUAGE_STANDARD = "gnu++14";
				CLANG_CXX_LIBRARY = "libc++";
				CLANG_ENABLE_MODULES = YES;
				CLANG_ENABLE_OBJC_ARC = YES;
				CLANG_ENABLE_OBJC_WEAK = YES;
				CLANG_WARN_BLOCK_CAPTURE_AUTORELEASING = YES;
				CLANG_WARN_BOOL_CONVERSION = YES;
				CLANG_WARN_COMMA = YES;
				CLANG_WARN_CONSTANT_CONVERSION = YES;
				CLANG_WARN_DEPRECATED_OBJC_IMPLEMENTATIONS = YES;
				CLANG_WARN_DIRECT_OBJC_ISA_USAGE = YES_ERROR;
				CLANG_WARN_DOCUMENTATION_COMMENTS = YES;
				CLANG_WARN_EMPTY_BODY = YES;
				CLANG_WARN_ENUM_CONVERSION = YES;
				CLANG_WARN_INFINITE_RECURSION = YES;
				CLANG_WARN_INT_CONVERSION = YES;
				CLANG_WARN_NON_LITERAL_NULL_CONVERSION = YES;
				CLANG_WARN_OBJC_IMPLICIT_RETAIN_SELF = YES;
				CLANG_WARN_OBJC_LITERAL_CONVERSION = YES;
				CLANG_WARN_OBJC_ROOT_CLASS = YES_ERROR;
				CLANG_WARN_RANGE_LOOP_ANALYSIS = YES;
				CLANG_WARN_STRICT_PROTOTYPES = YES;
				CLANG_WARN_SUSPICIOUS_MOVE = YES;
				CLANG_WARN_UNGUARDED_AVAILABILITY = YES_AGGRESSIVE;
				CLANG_WARN_UNREACHABLE_CODE = YES;
				CLANG_WARN__DUPLICATE_METHOD_MATCH = YES;
				CODE_SIGN_IDENTITY = "iPhone Developer";
				COPY_PHASE_STRIP = NO;
				DEBUG_INFORMATION_FORMAT = dwarf;
				ENABLE_STRICT_OBJC_MSGSEND = YES;
				ENABLE_TESTABILITY = YES;
				GCC_C_LANGUAGE_STANDARD = gnu11;
				GCC_DYNAMIC_NO_PIC = NO;
				GCC_NO_COMMON_BLOCKS = YES;
				GCC_OPTIMIZATION_LEVEL = 0;
				GCC_PREPROCESSOR_DEFINITIONS = (
					"DEBUG=1",
					"$(inherited)",
				);
				GCC_WARN_64_TO_32_BIT_CONVERSION = YES;
				GCC_WARN_ABOUT_RETURN_TYPE = YES_ERROR;
				GCC_WARN_UNDECLARED_SELECTOR = YES;
				GCC_WARN_UNINITIALIZED_AUTOS = YES_AGGRESSIVE;
				GCC_WARN_UNUSED_FUNCTION = YES;
				GCC_WARN_UNUSED_VARIABLE = YES;
				IPHONEOS_DEPLOYMENT_TARGET = 11.4;
				MTL_ENABLE_DEBUG_INFO = YES;
				ONLY_ACTIVE_ARCH = YES;
				SDKROOT = iphoneos;
				SWIFT_ACTIVE_COMPILATION_CONDITIONS = DEBUG;
				SWIFT_OPTIMIZATION_LEVEL = "-Onone";
			};
			name = Debug;
		};
		3BFD4E4020E05EA300B482BA /* Release */ = {
			isa = XCBuildConfiguration;
			buildSettings = {
				ALWAYS_SEARCH_USER_PATHS = NO;
				CLANG_ANALYZER_NONNULL = YES;
				CLANG_ANALYZER_NUMBER_OBJECT_CONVERSION = YES_AGGRESSIVE;
				CLANG_CXX_LANGUAGE_STANDARD = "gnu++14";
				CLANG_CXX_LIBRARY = "libc++";
				CLANG_ENABLE_MODULES = YES;
				CLANG_ENABLE_OBJC_ARC = YES;
				CLANG_ENABLE_OBJC_WEAK = YES;
				CLANG_WARN_BLOCK_CAPTURE_AUTORELEASING = YES;
				CLANG_WARN_BOOL_CONVERSION = YES;
				CLANG_WARN_COMMA = YES;
				CLANG_WARN_CONSTANT_CONVERSION = YES;
				CLANG_WARN_DEPRECATED_OBJC_IMPLEMENTATIONS = YES;
				CLANG_WARN_DIRECT_OBJC_ISA_USAGE = YES_ERROR;
				CLANG_WARN_DOCUMENTATION_COMMENTS = YES;
				CLANG_WARN_EMPTY_BODY = YES;
				CLANG_WARN_ENUM_CONVERSION = YES;
				CLANG_WARN_INFINITE_RECURSION = YES;
				CLANG_WARN_INT_CONVERSION = YES;
				CLANG_WARN_NON_LITERAL_NULL_CONVERSION = YES;
				CLANG_WARN_OBJC_IMPLICIT_RETAIN_SELF = YES;
				CLANG_WARN_OBJC_LITERAL_CONVERSION = YES;
				CLANG_WARN_OBJC_ROOT_CLASS = YES_ERROR;
				CLANG_WARN_RANGE_LOOP_ANALYSIS = YES;
				CLANG_WARN_STRICT_PROTOTYPES = YES;
				CLANG_WARN_SUSPICIOUS_MOVE = YES;
				CLANG_WARN_UNGUARDED_AVAILABILITY = YES_AGGRESSIVE;
				CLANG_WARN_UNREACHABLE_CODE = YES;
				CLANG_WARN__DUPLICATE_METHOD_MATCH = YES;
				CODE_SIGN_IDENTITY = "iPhone Developer";
				COPY_PHASE_STRIP = NO;
				DEBUG_INFORMATION_FORMAT = "dwarf-with-dsym";
				ENABLE_NS_ASSERTIONS = NO;
				ENABLE_STRICT_OBJC_MSGSEND = YES;
				GCC_C_LANGUAGE_STANDARD = gnu11;
				GCC_NO_COMMON_BLOCKS = YES;
				GCC_WARN_64_TO_32_BIT_CONVERSION = YES;
				GCC_WARN_ABOUT_RETURN_TYPE = YES_ERROR;
				GCC_WARN_UNDECLARED_SELECTOR = YES;
				GCC_WARN_UNINITIALIZED_AUTOS = YES_AGGRESSIVE;
				GCC_WARN_UNUSED_FUNCTION = YES;
				GCC_WARN_UNUSED_VARIABLE = YES;
				IPHONEOS_DEPLOYMENT_TARGET = 11.4;
				MTL_ENABLE_DEBUG_INFO = NO;
				SDKROOT = iphoneos;
				SWIFT_COMPILATION_MODE = wholemodule;
				SWIFT_OPTIMIZATION_LEVEL = "-O";
				VALIDATE_PRODUCT = YES;
			};
			name = Release;
		};
		3BFD4E4220E05EA300B482BA /* Debug */ = {
			isa = XCBuildConfiguration;
			buildSettings = {
				ASSETCATALOG_COMPILER_APPICON_NAME = AppIcon;
				CODE_SIGN_STYLE = Automatic;
				DEVELOPMENT_TEAM = NM9E6W7574;
				INFOPLIST_FILE = "Object Functions/Info.plist";
				LD_RUNPATH_SEARCH_PATHS = (
					"$(inherited)",
					"@executable_path/Frameworks",
				);
				PRODUCT_BUNDLE_IDENTIFIER = "org.laursen.Object-Functions";
				PRODUCT_NAME = "$(TARGET_NAME)";
				SWIFT_VERSION = 4.0;
				TARGETED_DEVICE_FAMILY = "1,2";
			};
			name = Debug;
		};
		3BFD4E4320E05EA300B482BA /* Release */ = {
			isa = XCBuildConfiguration;
			buildSettings = {
				ASSETCATALOG_COMPILER_APPICON_NAME = AppIcon;
				CODE_SIGN_STYLE = Automatic;
				DEVELOPMENT_TEAM = NM9E6W7574;
				INFOPLIST_FILE = "Object Functions/Info.plist";
				LD_RUNPATH_SEARCH_PATHS = (
					"$(inherited)",
					"@executable_path/Frameworks",
				);
				PRODUCT_BUNDLE_IDENTIFIER = "org.laursen.Object-Functions";
				PRODUCT_NAME = "$(TARGET_NAME)";
				SWIFT_VERSION = 4.0;
				TARGETED_DEVICE_FAMILY = "1,2";
			};
			name = Release;
		};
/* End XCBuildConfiguration section */

/* Begin XCConfigurationList section */
		3BFD4E2A20E05EA300B482BA /* Build configuration list for PBXProject "Object Functions" */ = {
			isa = XCConfigurationList;
			buildConfigurations = (
				3BFD4E3F20E05EA300B482BA /* Debug */,
				3BFD4E4020E05EA300B482BA /* Release */,
			);
			defaultConfigurationIsVisible = 0;
			defaultConfigurationName = Release;
		};
		3BFD4E4120E05EA300B482BA /* Build configuration list for PBXNativeTarget "Object Functions" */ = {
			isa = XCConfigurationList;
			buildConfigurations = (
				3BFD4E4220E05EA300B482BA /* Debug */,
				3BFD4E4320E05EA300B482BA /* Release */,
			);
			defaultConfigurationIsVisible = 0;
			defaultConfigurationName = Release;
		};
/* End XCConfigurationList section */
	};
	rootObject = 3BFD4E2720E05EA300B482BA /* Project object */;
}
