// !$*UTF8*$!
{
	archiveVersion = 1;
	classes = {
	};
	objectVersion = 50;
	objects = {

/* Begin PBXBuildFile section */
		3BFF5DF1211105D7005ECC47 /* AppDelegate.swift in Sources */ = {isa = PBXBuildFile; fileRef = 3BFF5DF0211105D7005ECC47 /* AppDelegate.swift */; };
		3BFF5DF3211105D7005ECC47 /* ViewController.swift in Sources */ = {isa = PBXBuildFile; fileRef = 3BFF5DF2211105D7005ECC47 /* ViewController.swift */; };
		3BFF5DF6211105D7005ECC47 /* Main.storyboard in Resources */ = {isa = PBXBuildFile; fileRef = 3BFF5DF4211105D7005ECC47 /* Main.storyboard */; };
		3BFF5DF8211105D8005ECC47 /* Assets.xcassets in Resources */ = {isa = PBXBuildFile; fileRef = 3BFF5DF7211105D8005ECC47 /* Assets.xcassets */; };
		3BFF5DFB211105D8005ECC47 /* LaunchScreen.storyboard in Resources */ = {isa = PBXBuildFile; fileRef = 3BFF5DF9211105D8005ECC47 /* LaunchScreen.storyboard */; };
		3BFF5E05211105FD005ECC47 /* Sound.wav in Resources */ = {isa = PBXBuildFile; fileRef = 3BFF5E03211105FD005ECC47 /* Sound.wav */; };
		3BFF5E06211105FD005ECC47 /* Music.mp3 in Resources */ = {isa = PBXBuildFile; fileRef = 3BFF5E04211105FD005ECC47 /* Music.mp3 */; };
		3BFF5E0921110612005ECC47 /* AVFoundation.framework in Frameworks */ = {isa = PBXBuildFile; fileRef = 3BFF5E0821110612005ECC47 /* AVFoundation.framework */; };
/* End PBXBuildFile section */

/* Begin PBXFileReference section */
		3BFF5DED211105D7005ECC47 /* JMediaPlayer.app */ = {isa = PBXFileReference; explicitFileType = wrapper.application; includeInIndex = 0; path = JMediaPlayer.app; sourceTree = BUILT_PRODUCTS_DIR; };
		3BFF5DF0211105D7005ECC47 /* AppDelegate.swift */ = {isa = PBXFileReference; lastKnownFileType = sourcecode.swift; path = AppDelegate.swift; sourceTree = "<group>"; };
		3BFF5DF2211105D7005ECC47 /* ViewController.swift */ = {isa = PBXFileReference; lastKnownFileType = sourcecode.swift; path = ViewController.swift; sourceTree = "<group>"; };
		3BFF5DF5211105D7005ECC47 /* Base */ = {isa = PBXFileReference; lastKnownFileType = file.storyboard; name = Base; path = Base.lproj/Main.storyboard; sourceTree = "<group>"; };
		3BFF5DF7211105D8005ECC47 /* Assets.xcassets */ = {isa = PBXFileReference; lastKnownFileType = folder.assetcatalog; path = Assets.xcassets; sourceTree = "<group>"; };
		3BFF5DFA211105D8005ECC47 /* Base */ = {isa = PBXFileReference; lastKnownFileType = file.storyboard; name = Base; path = Base.lproj/LaunchScreen.storyboard; sourceTree = "<group>"; };
		3BFF5DFC211105D8005ECC47 /* Info.plist */ = {isa = PBXFileReference; lastKnownFileType = text.plist.xml; path = Info.plist; sourceTree = "<group>"; };
		3BFF5E03211105FD005ECC47 /* Sound.wav */ = {isa = PBXFileReference; lastKnownFileType = audio.wav; path = Sound.wav; sourceTree = "<group>"; };
		3BFF5E04211105FD005ECC47 /* Music.mp3 */ = {isa = PBXFileReference; lastKnownFileType = audio.mp3; path = Music.mp3; sourceTree = "<group>"; };
		3BFF5E0821110612005ECC47 /* AVFoundation.framework */ = {isa = PBXFileReference; lastKnownFileType = wrapper.framework; name = AVFoundation.framework; path = System/Library/Frameworks/AVFoundation.framework; sourceTree = SDKROOT; };
/* End PBXFileReference section */

/* Begin PBXFrameworksBuildPhase section */
		3BFF5DEA211105D7005ECC47 /* Frameworks */ = {
			isa = PBXFrameworksBuildPhase;
			buildActionMask = 2147483647;
			files = (
				3BFF5E0921110612005ECC47 /* AVFoundation.framework in Frameworks */,
			);
			runOnlyForDeploymentPostprocessing = 0;
		};
/* End PBXFrameworksBuildPhase section */

/* Begin PBXGroup section */
		3BFF5DE4211105D7005ECC47 = {
			isa = PBXGroup;
			children = (
				3BFF5DEF211105D7005ECC47 /* JMediaPlayer */,
				3BFF5DEE211105D7005ECC47 /* Products */,
				3BFF5E0721110612005ECC47 /* Frameworks */,
			);
			sourceTree = "<group>";
		};
		3BFF5DEE211105D7005ECC47 /* Products */ = {
			isa = PBXGroup;
			children = (
				3BFF5DED211105D7005ECC47 /* JMediaPlayer.app */,
			);
			name = Products;
			sourceTree = "<group>";
		};
		3BFF5DEF211105D7005ECC47 /* JMediaPlayer */ = {
			isa = PBXGroup;
			children = (
				3BFF5DF0211105D7005ECC47 /* AppDelegate.swift */,
				3BFF5DF2211105D7005ECC47 /* ViewController.swift */,
				3BFF5DF4211105D7005ECC47 /* Main.storyboard */,
				3BFF5DF7211105D8005ECC47 /* Assets.xcassets */,
				3BFF5DF9211105D8005ECC47 /* LaunchScreen.storyboard */,
				3BFF5DFC211105D8005ECC47 /* Info.plist */,
				3BFF5E02211105FD005ECC47 /* Sounds */,
			);
			path = JMediaPlayer;
			sourceTree = "<group>";
		};
		3BFF5E02211105FD005ECC47 /* Sounds */ = {
			isa = PBXGroup;
			children = (
				3BFF5E03211105FD005ECC47 /* Sound.wav */,
				3BFF5E04211105FD005ECC47 /* Music.mp3 */,
			);
			path = Sounds;
			sourceTree = "<group>";
		};
		3BFF5E0721110612005ECC47 /* Frameworks */ = {
			isa = PBXGroup;
			children = (
				3BFF5E0821110612005ECC47 /* AVFoundation.framework */,
			);
			name = Frameworks;
			sourceTree = "<group>";
		};
/* End PBXGroup section */

/* Begin PBXNativeTarget section */
		3BFF5DEC211105D7005ECC47 /* JMediaPlayer */ = {
			isa = PBXNativeTarget;
			buildConfigurationList = 3BFF5DFF211105D8005ECC47 /* Build configuration list for PBXNativeTarget "JMediaPlayer" */;
			buildPhases = (
				3BFF5DE9211105D7005ECC47 /* Sources */,
				3BFF5DEA211105D7005ECC47 /* Frameworks */,
				3BFF5DEB211105D7005ECC47 /* Resources */,
			);
			buildRules = (
			);
			dependencies = (
			);
			name = JMediaPlayer;
			productName = JMediaPlayer;
			productReference = 3BFF5DED211105D7005ECC47 /* JMediaPlayer.app */;
			productType = "com.apple.product-type.application";
		};
/* End PBXNativeTarget section */

/* Begin PBXProject section */
		3BFF5DE5211105D7005ECC47 /* Project object */ = {
			isa = PBXProject;
			attributes = {
				LastSwiftUpdateCheck = 0940;
				LastUpgradeCheck = 0940;
				ORGANIZATIONNAME = Laursen.org;
				TargetAttributes = {
					3BFF5DEC211105D7005ECC47 = {
						CreatedOnToolsVersion = 9.4.1;
					};
				};
			};
			buildConfigurationList = 3BFF5DE8211105D7005ECC47 /* Build configuration list for PBXProject "JMediaPlayer" */;
			compatibilityVersion = "Xcode 9.3";
			developmentRegion = en;
			hasScannedForEncodings = 0;
			knownRegions = (
				en,
				Base,
			);
			mainGroup = 3BFF5DE4211105D7005ECC47;
			productRefGroup = 3BFF5DEE211105D7005ECC47 /* Products */;
			projectDirPath = "";
			projectRoot = "";
			targets = (
				3BFF5DEC211105D7005ECC47 /* JMediaPlayer */,
			);
		};
/* End PBXProject section */

/* Begin PBXResourcesBuildPhase section */
		3BFF5DEB211105D7005ECC47 /* Resources */ = {
			isa = PBXResourcesBuildPhase;
			buildActionMask = 2147483647;
			files = (
				3BFF5DFB211105D8005ECC47 /* LaunchScreen.storyboard in Resources */,
				3BFF5DF8211105D8005ECC47 /* Assets.xcassets in Resources */,
				3BFF5E06211105FD005ECC47 /* Music.mp3 in Resources */,
				3BFF5E05211105FD005ECC47 /* Sound.wav in Resources */,
				3BFF5DF6211105D7005ECC47 /* Main.storyboard in Resources */,
			);
			runOnlyForDeploymentPostprocessing = 0;
		};
/* End PBXResourcesBuildPhase section */

/* Begin PBXSourcesBuildPhase section */
		3BFF5DE9211105D7005ECC47 /* Sources */ = {
			isa = PBXSourcesBuildPhase;
			buildActionMask = 2147483647;
			files = (
				3BFF5DF3211105D7005ECC47 /* ViewController.swift in Sources */,
				3BFF5DF1211105D7005ECC47 /* AppDelegate.swift in Sources */,
			);
			runOnlyForDeploymentPostprocessing = 0;
		};
/* End PBXSourcesBuildPhase section */

/* Begin PBXVariantGroup section */
		3BFF5DF4211105D7005ECC47 /* Main.storyboard */ = {
			isa = PBXVariantGroup;
			children = (
				3BFF5DF5211105D7005ECC47 /* Base */,
			);
			name = Main.storyboard;
			sourceTree = "<group>";
		};
		3BFF5DF9211105D8005ECC47 /* LaunchScreen.storyboard */ = {
			isa = PBXVariantGroup;
			children = (
				3BFF5DFA211105D8005ECC47 /* Base */,
			);
			name = LaunchScreen.storyboard;
			sourceTree = "<group>";
		};
/* End PBXVariantGroup section */

/* Begin XCBuildConfiguration section */
		3BFF5DFD211105D8005ECC47 /* Debug */ = {
			isa = XCBuildConfiguration;
			buildSettings = {
				ALWAYS_SEARCH_USER_PATHS = NO;
				CLANG_ANALYZER_NONNULL = YES;
				CLANG_ANALYZER_NUMBER_OBJECT_CONVERSION = YES_AGGRESSIVE;
				CLANG_CXX_LANGUAGE_STANDARD = "gnu++14";
				CLANG_CXX_LIBRARY = "libc++";
				CLANG_ENABLE_MODULES = YES;
				CLANG_ENABLE_OBJC_ARC = YES;
				CLANG_ENABLE_OBJC_WEAK = YES;
				CLANG_WARN_BLOCK_CAPTURE_AUTORELEASING = YES;
				CLANG_WARN_BOOL_CONVERSION = YES;
				CLANG_WARN_COMMA = YES;
				CLANG_WARN_CONSTANT_CONVERSION = YES;
				CLANG_WARN_DEPRECATED_OBJC_IMPLEMENTATIONS = YES;
				CLANG_WARN_DIRECT_OBJC_ISA_USAGE = YES_ERROR;
				CLANG_WARN_DOCUMENTATION_COMMENTS = YES;
				CLANG_WARN_EMPTY_BODY = YES;
				CLANG_WARN_ENUM_CONVERSION = YES;
				CLANG_WARN_INFINITE_RECURSION = YES;
				CLANG_WARN_INT_CONVERSION = YES;
				CLANG_WARN_NON_LITERAL_NULL_CONVERSION = YES;
				CLANG_WARN_OBJC_IMPLICIT_RETAIN_SELF = YES;
				CLANG_WARN_OBJC_LITERAL_CONVERSION = YES;
				CLANG_WARN_OBJC_ROOT_CLASS = YES_ERROR;
				CLANG_WARN_RANGE_LOOP_ANALYSIS = YES;
				CLANG_WARN_STRICT_PROTOTYPES = YES;
				CLANG_WARN_SUSPICIOUS_MOVE = YES;
				CLANG_WARN_UNGUARDED_AVAILABILITY = YES_AGGRESSIVE;
				CLANG_WARN_UNREACHABLE_CODE = YES;
				CLANG_WARN__DUPLICATE_METHOD_MATCH = YES;
				CODE_SIGN_IDENTITY = "iPhone Developer";
				COPY_PHASE_STRIP = NO;
				DEBUG_INFORMATION_FORMAT = dwarf;
				ENABLE_STRICT_OBJC_MSGSEND = YES;
				ENABLE_TESTABILITY = YES;
				GCC_C_LANGUAGE_STANDARD = gnu11;
				GCC_DYNAMIC_NO_PIC = NO;
				GCC_NO_COMMON_BLOCKS = YES;
				GCC_OPTIMIZATION_LEVEL = 0;
				GCC_PREPROCESSOR_DEFINITIONS = (
					"DEBUG=1",
					"$(inherited)",
				);
				GCC_WARN_64_TO_32_BIT_CONVERSION = YES;
				GCC_WARN_ABOUT_RETURN_TYPE = YES_ERROR;
				GCC_WARN_UNDECLARED_SELECTOR = YES;
				GCC_WARN_UNINITIALIZED_AUTOS = YES_AGGRESSIVE;
				GCC_WARN_UNUSED_FUNCTION = YES;
				GCC_WARN_UNUSED_VARIABLE = YES;
				IPHONEOS_DEPLOYMENT_TARGET = 11.4;
				MTL_ENABLE_DEBUG_INFO = YES;
				ONLY_ACTIVE_ARCH = YES;
				SDKROOT = iphoneos;
				SWIFT_ACTIVE_COMPILATION_CONDITIONS = DEBUG;
				SWIFT_OPTIMIZATION_LEVEL = "-Onone";
			};
			name = Debug;
		};
		3BFF5DFE211105D8005ECC47 /* Release */ = {
			isa = XCBuildConfiguration;
			buildSettings = {
				ALWAYS_SEARCH_USER_PATHS = NO;
				CLANG_ANALYZER_NONNULL = YES;
				CLANG_ANALYZER_NUMBER_OBJECT_CONVERSION = YES_AGGRESSIVE;
				CLANG_CXX_LANGUAGE_STANDARD = "gnu++14";
				CLANG_CXX_LIBRARY = "libc++";
				CLANG_ENABLE_MODULES = YES;
				CLANG_ENABLE_OBJC_ARC = YES;
				CLANG_ENABLE_OBJC_WEAK = YES;
				CLANG_WARN_BLOCK_CAPTURE_AUTORELEASING = YES;
				CLANG_WARN_BOOL_CONVERSION = YES;
				CLANG_WARN_COMMA = YES;
				CLANG_WARN_CONSTANT_CONVERSION = YES;
				CLANG_WARN_DEPRECATED_OBJC_IMPLEMENTATIONS = YES;
				CLANG_WARN_DIRECT_OBJC_ISA_USAGE = YES_ERROR;
				CLANG_WARN_DOCUMENTATION_COMMENTS = YES;
				CLANG_WARN_EMPTY_BODY = YES;
				CLANG_WARN_ENUM_CONVERSION = YES;
				CLANG_WARN_INFINITE_RECURSION = YES;
				CLANG_WARN_INT_CONVERSION = YES;
				CLANG_WARN_NON_LITERAL_NULL_CONVERSION = YES;
				CLANG_WARN_OBJC_IMPLICIT_RETAIN_SELF = YES;
				CLANG_WARN_OBJC_LITERAL_CONVERSION = YES;
				CLANG_WARN_OBJC_ROOT_CLASS = YES_ERROR;
				CLANG_WARN_RANGE_LOOP_ANALYSIS = YES;
				CLANG_WARN_STRICT_PROTOTYPES = YES;
				CLANG_WARN_SUSPICIOUS_MOVE = YES;
				CLANG_WARN_UNGUARDED_AVAILABILITY = YES_AGGRESSIVE;
				CLANG_WARN_UNREACHABLE_CODE = YES;
				CLANG_WARN__DUPLICATE_METHOD_MATCH = YES;
				CODE_SIGN_IDENTITY = "iPhone Developer";
				COPY_PHASE_STRIP = NO;
				DEBUG_INFORMATION_FORMAT = "dwarf-with-dsym";
				ENABLE_NS_ASSERTIONS = NO;
				ENABLE_STRICT_OBJC_MSGSEND = YES;
				GCC_C_LANGUAGE_STANDARD = gnu11;
				GCC_NO_COMMON_BLOCKS = YES;
				GCC_WARN_64_TO_32_BIT_CONVERSION = YES;
				GCC_WARN_ABOUT_RETURN_TYPE = YES_ERROR;
				GCC_WARN_UNDECLARED_SELECTOR = YES;
				GCC_WARN_UNINITIALIZED_AUTOS = YES_AGGRESSIVE;
				GCC_WARN_UNUSED_FUNCTION = YES;
				GCC_WARN_UNUSED_VARIABLE = YES;
				IPHONEOS_DEPLOYMENT_TARGET = 11.4;
				MTL_ENABLE_DEBUG_INFO = NO;
				SDKROOT = iphoneos;
				SWIFT_COMPILATION_MODE = wholemodule;
				SWIFT_OPTIMIZATION_LEVEL = "-O";
				VALIDATE_PRODUCT = YES;
			};
			name = Release;
		};
		3BFF5E00211105D8005ECC47 /* Debug */ = {
			isa = XCBuildConfiguration;
			buildSettings = {
				ASSETCATALOG_COMPILER_APPICON_NAME = AppIcon;
				CODE_SIGN_STYLE = Automatic;
				DEVELOPMENT_TEAM = NM9E6W7574;
				INFOPLIST_FILE = JMediaPlayer/Info.plist;
				LD_RUNPATH_SEARCH_PATHS = (
					"$(inherited)",
					"@executable_path/Frameworks",
				);
				PRODUCT_BUNDLE_IDENTIFIER = org.laursen.JMediaPlayer;
				PRODUCT_NAME = "$(TARGET_NAME)";
				SWIFT_VERSION = 4.0;
				TARGETED_DEVICE_FAMILY = "1,2";
			};
			name = Debug;
		};
		3BFF5E01211105D8005ECC47 /* Release */ = {
			isa = XCBuildConfiguration;
			buildSettings = {
				ASSETCATALOG_COMPILER_APPICON_NAME = AppIcon;
				CODE_SIGN_STYLE = Automatic;
				DEVELOPMENT_TEAM = NM9E6W7574;
				INFOPLIST_FILE = JMediaPlayer/Info.plist;
				LD_RUNPATH_SEARCH_PATHS = (
					"$(inherited)",
					"@executable_path/Frameworks",
				);
				PRODUCT_BUNDLE_IDENTIFIER = org.laursen.JMediaPlayer;
				PRODUCT_NAME = "$(TARGET_NAME)";
				SWIFT_VERSION = 4.0;
				TARGETED_DEVICE_FAMILY = "1,2";
			};
			name = Release;
		};
/* End XCBuildConfiguration section */

/* Begin XCConfigurationList section */
		3BFF5DE8211105D7005ECC47 /* Build configuration list for PBXProject "JMediaPlayer" */ = {
			isa = XCConfigurationList;
			buildConfigurations = (
				3BFF5DFD211105D8005ECC47 /* Debug */,
				3BFF5DFE211105D8005ECC47 /* Release */,
			);
			defaultConfigurationIsVisible = 0;
			defaultConfigurationName = Release;
		};
		3BFF5DFF211105D8005ECC47 /* Build configuration list for PBXNativeTarget "JMediaPlayer" */ = {
			isa = XCConfigurationList;
			buildConfigurations = (
				3BFF5E00211105D8005ECC47 /* Debug */,
				3BFF5E01211105D8005ECC47 /* Release */,
			);
			defaultConfigurationIsVisible = 0;
			defaultConfigurationName = Release;
		};
/* End XCConfigurationList section */
	};
	rootObject = 3BFF5DE5211105D7005ECC47 /* Project object */;
}
