// !$*UTF8*$!
{
	archiveVersion = 1;
	classes = {
	};
	objectVersion = 50;
	objects = {

/* Begin PBXBuildFile section */
		3B4940332113A12D00C14365 /* AppDelegate.swift in Sources */ = {isa = PBXBuildFile; fileRef = 3B4940322113A12D00C14365 /* AppDelegate.swift */; };
		3B4940382113A12D00C14365 /* Main.storyboard in Resources */ = {isa = PBXBuildFile; fileRef = 3B4940362113A12D00C14365 /* Main.storyboard */; };
		3B49403A2113A12D00C14365 /* Assets.xcassets in Resources */ = {isa = PBXBuildFile; fileRef = 3B4940392113A12D00C14365 /* Assets.xcassets */; };
		3B49403D2113A12D00C14365 /* LaunchScreen.storyboard in Resources */ = {isa = PBXBuildFile; fileRef = 3B49403B2113A12D00C14365 /* LaunchScreen.storyboard */; };
		3B4940452113A1FC00C14365 /* TableViewController.swift in Sources */ = {isa = PBXBuildFile; fileRef = 3B4940442113A1FC00C14365 /* TableViewController.swift */; };
		3B4940472113A23200C14365 /* TableViewCell.swift in Sources */ = {isa = PBXBuildFile; fileRef = 3B4940462113A23200C14365 /* TableViewCell.swift */; };
		3B4940492113D3D200C14365 /* DetailViewController.swift in Sources */ = {isa = PBXBuildFile; fileRef = 3B4940482113D3D200C14365 /* DetailViewController.swift */; };
		3B49404C2113D4E100C14365 /* MapKit.framework in Frameworks */ = {isa = PBXBuildFile; fileRef = 3B49404B2113D4E100C14365 /* MapKit.framework */; };
/* End PBXBuildFile section */

/* Begin PBXFileReference section */
		3B49402F2113A12D00C14365 /* LondonLandmarks.app */ = {isa = PBXFileReference; explicitFileType = wrapper.application; includeInIndex = 0; path = LondonLandmarks.app; sourceTree = BUILT_PRODUCTS_DIR; };
		3B4940322113A12D00C14365 /* AppDelegate.swift */ = {isa = PBXFileReference; lastKnownFileType = sourcecode.swift; path = AppDelegate.swift; sourceTree = "<group>"; };
		3B4940372113A12D00C14365 /* Base */ = {isa = PBXFileReference; lastKnownFileType = file.storyboard; name = Base; path = Base.lproj/Main.storyboard; sourceTree = "<group>"; };
		3B4940392113A12D00C14365 /* Assets.xcassets */ = {isa = PBXFileReference; lastKnownFileType = folder.assetcatalog; path = Assets.xcassets; sourceTree = "<group>"; };
		3B49403C2113A12D00C14365 /* Base */ = {isa = PBXFileReference; lastKnownFileType = file.storyboard; name = Base; path = Base.lproj/LaunchScreen.storyboard; sourceTree = "<group>"; };
		3B49403E2113A12D00C14365 /* Info.plist */ = {isa = PBXFileReference; lastKnownFileType = text.plist.xml; path = Info.plist; sourceTree = "<group>"; };
		3B4940442113A1FC00C14365 /* TableViewController.swift */ = {isa = PBXFileReference; lastKnownFileType = sourcecode.swift; path = TableViewController.swift; sourceTree = "<group>"; };
		3B4940462113A23200C14365 /* TableViewCell.swift */ = {isa = PBXFileReference; lastKnownFileType = sourcecode.swift; path = TableViewCell.swift; sourceTree = "<group>"; };
		3B4940482113D3D200C14365 /* DetailViewController.swift */ = {isa = PBXFileReference; lastKnownFileType = sourcecode.swift; path = DetailViewController.swift; sourceTree = "<group>"; };
		3B49404B2113D4E100C14365 /* MapKit.framework */ = {isa = PBXFileReference; lastKnownFileType = wrapper.framework; name = MapKit.framework; path = System/Library/Frameworks/MapKit.framework; sourceTree = SDKROOT; };
/* End PBXFileReference section */

/* Begin PBXFrameworksBuildPhase section */
		3B49402C2113A12D00C14365 /* Frameworks */ = {
			isa = PBXFrameworksBuildPhase;
			buildActionMask = 2147483647;
			files = (
				3B49404C2113D4E100C14365 /* MapKit.framework in Frameworks */,
			);
			runOnlyForDeploymentPostprocessing = 0;
		};
/* End PBXFrameworksBuildPhase section */

/* Begin PBXGroup section */
		3B4940262113A12C00C14365 = {
			isa = PBXGroup;
			children = (
				3B4940312113A12D00C14365 /* LondonLandmarks */,
				3B4940302113A12D00C14365 /* Products */,
				3B49404A2113D4E100C14365 /* Frameworks */,
			);
			sourceTree = "<group>";
		};
		3B4940302113A12D00C14365 /* Products */ = {
			isa = PBXGroup;
			children = (
				3B49402F2113A12D00C14365 /* LondonLandmarks.app */,
			);
			name = Products;
			sourceTree = "<group>";
		};
		3B4940312113A12D00C14365 /* LondonLandmarks */ = {
			isa = PBXGroup;
			children = (
				3B4940322113A12D00C14365 /* AppDelegate.swift */,
				3B4940482113D3D200C14365 /* DetailViewController.swift */,
				3B4940442113A1FC00C14365 /* TableViewController.swift */,
				3B4940462113A23200C14365 /* TableViewCell.swift */,
				3B4940362113A12D00C14365 /* Main.storyboard */,
				3B4940392113A12D00C14365 /* Assets.xcassets */,
				3B49403B2113A12D00C14365 /* LaunchScreen.storyboard */,
				3B49403E2113A12D00C14365 /* Info.plist */,
			);
			path = LondonLandmarks;
			sourceTree = "<group>";
		};
		3B49404A2113D4E100C14365 /* Frameworks */ = {
			isa = PBXGroup;
			children = (
				3B49404B2113D4E100C14365 /* MapKit.framework */,
			);
			name = Frameworks;
			sourceTree = "<group>";
		};
/* End PBXGroup section */

/* Begin PBXNativeTarget section */
		3B49402E2113A12D00C14365 /* LondonLandmarks */ = {
			isa = PBXNativeTarget;
			buildConfigurationList = 3B4940412113A12D00C14365 /* Build configuration list for PBXNativeTarget "LondonLandmarks" */;
			buildPhases = (
				3B49402B2113A12D00C14365 /* Sources */,
				3B49402C2113A12D00C14365 /* Frameworks */,
				3B49402D2113A12D00C14365 /* Resources */,
			);
			buildRules = (
			);
			dependencies = (
			);
			name = LondonLandmarks;
			productName = LondonLandmarks;
			productReference = 3B49402F2113A12D00C14365 /* LondonLandmarks.app */;
			productType = "com.apple.product-type.application";
		};
/* End PBXNativeTarget section */

/* Begin PBXProject section */
		3B4940272113A12C00C14365 /* Project object */ = {
			isa = PBXProject;
			attributes = {
				LastSwiftUpdateCheck = 0940;
				LastUpgradeCheck = 0940;
				ORGANIZATIONNAME = Laursen.org;
				TargetAttributes = {
					3B49402E2113A12D00C14365 = {
						CreatedOnToolsVersion = 9.4.1;
					};
				};
			};
			buildConfigurationList = 3B49402A2113A12C00C14365 /* Build configuration list for PBXProject "LondonLandmarks" */;
			compatibilityVersion = "Xcode 9.3";
			developmentRegion = en;
			hasScannedForEncodings = 0;
			knownRegions = (
				en,
				Base,
			);
			mainGroup = 3B4940262113A12C00C14365;
			productRefGroup = 3B4940302113A12D00C14365 /* Products */;
			projectDirPath = "";
			projectRoot = "";
			targets = (
				3B49402E2113A12D00C14365 /* LondonLandmarks */,
			);
		};
/* End PBXProject section */

/* Begin PBXResourcesBuildPhase section */
		3B49402D2113A12D00C14365 /* Resources */ = {
			isa = PBXResourcesBuildPhase;
			buildActionMask = 2147483647;
			files = (
				3B49403D2113A12D00C14365 /* LaunchScreen.storyboard in Resources */,
				3B49403A2113A12D00C14365 /* Assets.xcassets in Resources */,
				3B4940382113A12D00C14365 /* Main.storyboard in Resources */,
			);
			runOnlyForDeploymentPostprocessing = 0;
		};
/* End PBXResourcesBuildPhase section */

/* Begin PBXSourcesBuildPhase section */
		3B49402B2113A12D00C14365 /* Sources */ = {
			isa = PBXSourcesBuildPhase;
			buildActionMask = 2147483647;
			files = (
				3B4940472113A23200C14365 /* TableViewCell.swift in Sources */,
				3B4940332113A12D00C14365 /* AppDelegate.swift in Sources */,
				3B4940452113A1FC00C14365 /* TableViewController.swift in Sources */,
				3B4940492113D3D200C14365 /* DetailViewController.swift in Sources */,
			);
			runOnlyForDeploymentPostprocessing = 0;
		};
/* End PBXSourcesBuildPhase section */

/* Begin PBXVariantGroup section */
		3B4940362113A12D00C14365 /* Main.storyboard */ = {
			isa = PBXVariantGroup;
			children = (
				3B4940372113A12D00C14365 /* Base */,
			);
			name = Main.storyboard;
			sourceTree = "<group>";
		};
		3B49403B2113A12D00C14365 /* LaunchScreen.storyboard */ = {
			isa = PBXVariantGroup;
			children = (
				3B49403C2113A12D00C14365 /* Base */,
			);
			name = LaunchScreen.storyboard;
			sourceTree = "<group>";
		};
/* End PBXVariantGroup section */

/* Begin XCBuildConfiguration section */
		3B49403F2113A12D00C14365 /* Debug */ = {
			isa = XCBuildConfiguration;
			buildSettings = {
				ALWAYS_SEARCH_USER_PATHS = NO;
				CLANG_ANALYZER_NONNULL = YES;
				CLANG_ANALYZER_NUMBER_OBJECT_CONVERSION = YES_AGGRESSIVE;
				CLANG_CXX_LANGUAGE_STANDARD = "gnu++14";
				CLANG_CXX_LIBRARY = "libc++";
				CLANG_ENABLE_MODULES = YES;
				CLANG_ENABLE_OBJC_ARC = YES;
				CLANG_ENABLE_OBJC_WEAK = YES;
				CLANG_WARN_BLOCK_CAPTURE_AUTORELEASING = YES;
				CLANG_WARN_BOOL_CONVERSION = YES;
				CLANG_WARN_COMMA = YES;
				CLANG_WARN_CONSTANT_CONVERSION = YES;
				CLANG_WARN_DEPRECATED_OBJC_IMPLEMENTATIONS = YES;
				CLANG_WARN_DIRECT_OBJC_ISA_USAGE = YES_ERROR;
				CLANG_WARN_DOCUMENTATION_COMMENTS = YES;
				CLANG_WARN_EMPTY_BODY = YES;
				CLANG_WARN_ENUM_CONVERSION = YES;
				CLANG_WARN_INFINITE_RECURSION = YES;
				CLANG_WARN_INT_CONVERSION = YES;
				CLANG_WARN_NON_LITERAL_NULL_CONVERSION = YES;
				CLANG_WARN_OBJC_IMPLICIT_RETAIN_SELF = YES;
				CLANG_WARN_OBJC_LITERAL_CONVERSION = YES;
				CLANG_WARN_OBJC_ROOT_CLASS = YES_ERROR;
				CLANG_WARN_RANGE_LOOP_ANALYSIS = YES;
				CLANG_WARN_STRICT_PROTOTYPES = YES;
				CLANG_WARN_SUSPICIOUS_MOVE = YES;
				CLANG_WARN_UNGUARDED_AVAILABILITY = YES_AGGRESSIVE;
				CLANG_WARN_UNREACHABLE_CODE = YES;
				CLANG_WARN__DUPLICATE_METHOD_MATCH = YES;
				CODE_SIGN_IDENTITY = "iPhone Developer";
				COPY_PHASE_STRIP = NO;
				DEBUG_INFORMATION_FORMAT = dwarf;
				ENABLE_STRICT_OBJC_MSGSEND = YES;
				ENABLE_TESTABILITY = YES;
				GCC_C_LANGUAGE_STANDARD = gnu11;
				GCC_DYNAMIC_NO_PIC = NO;
				GCC_NO_COMMON_BLOCKS = YES;
				GCC_OPTIMIZATION_LEVEL = 0;
				GCC_PREPROCESSOR_DEFINITIONS = (
					"DEBUG=1",
					"$(inherited)",
				);
				GCC_WARN_64_TO_32_BIT_CONVERSION = YES;
				GCC_WARN_ABOUT_RETURN_TYPE = YES_ERROR;
				GCC_WARN_UNDECLARED_SELECTOR = YES;
				GCC_WARN_UNINITIALIZED_AUTOS = YES_AGGRESSIVE;
				GCC_WARN_UNUSED_FUNCTION = YES;
				GCC_WARN_UNUSED_VARIABLE = YES;
				IPHONEOS_DEPLOYMENT_TARGET = 11.4;
				MTL_ENABLE_DEBUG_INFO = YES;
				ONLY_ACTIVE_ARCH = YES;
				SDKROOT = iphoneos;
				SWIFT_ACTIVE_COMPILATION_CONDITIONS = DEBUG;
				SWIFT_OPTIMIZATION_LEVEL = "-Onone";
			};
			name = Debug;
		};
		3B4940402113A12D00C14365 /* Release */ = {
			isa = XCBuildConfiguration;
			buildSettings = {
				ALWAYS_SEARCH_USER_PATHS = NO;
				CLANG_ANALYZER_NONNULL = YES;
				CLANG_ANALYZER_NUMBER_OBJECT_CONVERSION = YES_AGGRESSIVE;
				CLANG_CXX_LANGUAGE_STANDARD = "gnu++14";
				CLANG_CXX_LIBRARY = "libc++";
				CLANG_ENABLE_MODULES = YES;
				CLANG_ENABLE_OBJC_ARC = YES;
				CLANG_ENABLE_OBJC_WEAK = YES;
				CLANG_WARN_BLOCK_CAPTURE_AUTORELEASING = YES;
				CLANG_WARN_BOOL_CONVERSION = YES;
				CLANG_WARN_COMMA = YES;
				CLANG_WARN_CONSTANT_CONVERSION = YES;
				CLANG_WARN_DEPRECATED_OBJC_IMPLEMENTATIONS = YES;
				CLANG_WARN_DIRECT_OBJC_ISA_USAGE = YES_ERROR;
				CLANG_WARN_DOCUMENTATION_COMMENTS = YES;
				CLANG_WARN_EMPTY_BODY = YES;
				CLANG_WARN_ENUM_CONVERSION = YES;
				CLANG_WARN_INFINITE_RECURSION = YES;
				CLANG_WARN_INT_CONVERSION = YES;
				CLANG_WARN_NON_LITERAL_NULL_CONVERSION = YES;
				CLANG_WARN_OBJC_IMPLICIT_RETAIN_SELF = YES;
				CLANG_WARN_OBJC_LITERAL_CONVERSION = YES;
				CLANG_WARN_OBJC_ROOT_CLASS = YES_ERROR;
				CLANG_WARN_RANGE_LOOP_ANALYSIS = YES;
				CLANG_WARN_STRICT_PROTOTYPES = YES;
				CLANG_WARN_SUSPICIOUS_MOVE = YES;
				CLANG_WARN_UNGUARDED_AVAILABILITY = YES_AGGRESSIVE;
				CLANG_WARN_UNREACHABLE_CODE = YES;
				CLANG_WARN__DUPLICATE_METHOD_MATCH = YES;
				CODE_SIGN_IDENTITY = "iPhone Developer";
				COPY_PHASE_STRIP = NO;
				DEBUG_INFORMATION_FORMAT = "dwarf-with-dsym";
				ENABLE_NS_ASSERTIONS = NO;
				ENABLE_STRICT_OBJC_MSGSEND = YES;
				GCC_C_LANGUAGE_STANDARD = gnu11;
				GCC_NO_COMMON_BLOCKS = YES;
				GCC_WARN_64_TO_32_BIT_CONVERSION = YES;
				GCC_WARN_ABOUT_RETURN_TYPE = YES_ERROR;
				GCC_WARN_UNDECLARED_SELECTOR = YES;
				GCC_WARN_UNINITIALIZED_AUTOS = YES_AGGRESSIVE;
				GCC_WARN_UNUSED_FUNCTION = YES;
				GCC_WARN_UNUSED_VARIABLE = YES;
				IPHONEOS_DEPLOYMENT_TARGET = 11.4;
				MTL_ENABLE_DEBUG_INFO = NO;
				SDKROOT = iphoneos;
				SWIFT_COMPILATION_MODE = wholemodule;
				SWIFT_OPTIMIZATION_LEVEL = "-O";
				VALIDATE_PRODUCT = YES;
			};
			name = Release;
		};
		3B4940422113A12D00C14365 /* Debug */ = {
			isa = XCBuildConfiguration;
			buildSettings = {
				ASSETCATALOG_COMPILER_APPICON_NAME = AppIcon;
				CODE_SIGN_STYLE = Automatic;
				DEVELOPMENT_TEAM = NM9E6W7574;
				INFOPLIST_FILE = LondonLandmarks/Info.plist;
				LD_RUNPATH_SEARCH_PATHS = (
					"$(inherited)",
					"@executable_path/Frameworks",
				);
				PRODUCT_BUNDLE_IDENTIFIER = org.laursen.LondonLandmarks;
				PRODUCT_NAME = "$(TARGET_NAME)";
				SWIFT_VERSION = 4.0;
				TARGETED_DEVICE_FAMILY = "1,2";
			};
			name = Debug;
		};
		3B4940432113A12D00C14365 /* Release */ = {
			isa = XCBuildConfiguration;
			buildSettings = {
				ASSETCATALOG_COMPILER_APPICON_NAME = AppIcon;
				CODE_SIGN_STYLE = Automatic;
				DEVELOPMENT_TEAM = NM9E6W7574;
				INFOPLIST_FILE = LondonLandmarks/Info.plist;
				LD_RUNPATH_SEARCH_PATHS = (
					"$(inherited)",
					"@executable_path/Frameworks",
				);
				PRODUCT_BUNDLE_IDENTIFIER = org.laursen.LondonLandmarks;
				PRODUCT_NAME = "$(TARGET_NAME)";
				SWIFT_VERSION = 4.0;
				TARGETED_DEVICE_FAMILY = "1,2";
			};
			name = Release;
		};
/* End XCBuildConfiguration section */

/* Begin XCConfigurationList section */
		3B49402A2113A12C00C14365 /* Build configuration list for PBXProject "LondonLandmarks" */ = {
			isa = XCConfigurationList;
			buildConfigurations = (
				3B49403F2113A12D00C14365 /* Debug */,
				3B4940402113A12D00C14365 /* Release */,
			);
			defaultConfigurationIsVisible = 0;
			defaultConfigurationName = Release;
		};
		3B4940412113A12D00C14365 /* Build configuration list for PBXNativeTarget "LondonLandmarks" */ = {
			isa = XCConfigurationList;
			buildConfigurations = (
				3B4940422113A12D00C14365 /* Debug */,
				3B4940432113A12D00C14365 /* Release */,
			);
			defaultConfigurationIsVisible = 0;
			defaultConfigurationName = Release;
		};
/* End XCConfigurationList section */
	};
	rootObject = 3B4940272113A12C00C14365 /* Project object */;
}
